
Microsoft Visual Studio Solution File, Format Version 12.00
# Visual Studio 15
VisualStudioVersion = 15.0.26124.0
MinimumVisualStudioVersion = 15.0.26124.0
Project("{FAE04EC0-301F-11D3-BF4B-00C04F79EFBC}") = "Common", "Common\Common.csproj", "{D2673410-0191-4EB0-9C2C-9D9E3F7F777A}"
EndProject
Project("{FAE04EC0-301F-11D3-BF4B-00C04F79EFBC}") = "CleanData", "CleanData\CleanData.csproj", "{4C4D57F4-28C1-45A0-9F68-458AC9B33B1D}"
EndProject
Project("{FAE04EC0-301F-11D3-BF4B-00C04F79EFBC}") = "CompileData", "CompileData\CompileData.csproj", "{FA250F00-D44F-47F3-87D4-7DD5CF28645C}"
EndProject
Global
	GlobalSection(SolutionConfigurationPlatforms) = preSolution
		Debug|Any CPU = Debug|Any CPU
		Debug|x64 = Debug|x64
		Debug|x86 = Debug|x86
		Release|Any CPU = Release|Any CPU
		Release|x64 = Release|x64
		Release|x86 = Release|x86
	EndGlobalSection
	GlobalSection(SolutionProperties) = preSolution
		HideSolutionNode = FALSE
	EndGlobalSection
	GlobalSection(ProjectConfigurationPlatforms) = postSolution
		{D2673410-0191-4EB0-9C2C-9D9E3F7F777A}.Debug|Any CPU.ActiveCfg = Debug|Any CPU
		{D2673410-0191-4EB0-9C2C-9D9E3F7F777A}.Debug|Any CPU.Build.0 = Debug|Any CPU
		{D2673410-0191-4EB0-9C2C-9D9E3F7F777A}.Debug|x64.ActiveCfg = Debug|Any CPU
		{D2673410-0191-4EB0-9C2C-9D9E3F7F777A}.Debug|x64.Build.0 = Debug|Any CPU
		{D2673410-0191-4EB0-9C2C-9D9E3F7F777A}.Debug|x86.ActiveCfg = Debug|Any CPU
		{D2673410-0191-4EB0-9C2C-9D9E3F7F777A}.Debug|x86.Build.0 = Debug|Any CPU
		{D2673410-0191-4EB0-9C2C-9D9E3F7F777A}.Release|Any CPU.ActiveCfg = Release|Any CPU
		{D2673410-0191-4EB0-9C2C-9D9E3F7F777A}.Release|Any CPU.Build.0 = Release|Any CPU
		{D2673410-0191-4EB0-9C2C-9D9E3F7F777A}.Release|x64.ActiveCfg = Release|Any CPU
		{D2673410-0191-4EB0-9C2C-9D9E3F7F777A}.Release|x64.Build.0 = Release|Any CPU
		{D2673410-0191-4EB0-9C2C-9D9E3F7F777A}.Release|x86.ActiveCfg = Release|Any CPU
		{D2673410-0191-4EB0-9C2C-9D9E3F7F777A}.Release|x86.Build.0 = Release|Any CPU
		{4C4D57F4-28C1-45A0-9F68-458AC9B33B1D}.Debug|Any CPU.ActiveCfg = Debug|Any CPU
		{4C4D57F4-28C1-45A0-9F68-458AC9B33B1D}.Debug|Any CPU.Build.0 = Debug|Any CPU
		{4C4D57F4-28C1-45A0-9F68-458AC9B33B1D}.Debug|x64.ActiveCfg = Debug|Any CPU
		{4C4D57F4-28C1-45A0-9F68-458AC9B33B1D}.Debug|x64.Build.0 = Debug|Any CPU
		{4C4D57F4-28C1-45A0-9F68-458AC9B33B1D}.Debug|x86.ActiveCfg = Debug|Any CPU
		{4C4D57F4-28C1-45A0-9F68-458AC9B33B1D}.Debug|x86.Build.0 = Debug|Any CPU
		{4C4D57F4-28C1-45A0-9F68-458AC9B33B1D}.Release|Any CPU.ActiveCfg = Release|Any CPU
		{4C4D57F4-28C1-45A0-9F68-458AC9B33B1D}.Release|Any CPU.Build.0 = Release|Any CPU
		{4C4D57F4-28C1-45A0-9F68-458AC9B33B1D}.Release|x64.ActiveCfg = Release|Any CPU
		{4C4D57F4-28C1-45A0-9F68-458AC9B33B1D}.Release|x64.Build.0 = Release|Any CPU
		{4C4D57F4-28C1-45A0-9F68-458AC9B33B1D}.Release|x86.ActiveCfg = Release|Any CPU
		{4C4D57F4-28C1-45A0-9F68-458AC9B33B1D}.Release|x86.Build.0 = Release|Any CPU
		{FA250F00-D44F-47F3-87D4-7DD5CF28645C}.Debug|Any CPU.ActiveCfg = Debug|Any CPU
		{FA250F00-D44F-47F3-87D4-7DD5CF28645C}.Debug|Any CPU.Build.0 = Debug|Any CPU
		{FA250F00-D44F-47F3-87D4-7DD5CF28645C}.Debug|x64.ActiveCfg = Debug|Any CPU
		{FA250F00-D44F-47F3-87D4-7DD5CF28645C}.Debug|x64.Build.0 = Debug|Any CPU
		{FA250F00-D44F-47F3-87D4-7DD5CF28645C}.Debug|x86.ActiveCfg = Debug|Any CPU
		{FA250F00-D44F-47F3-87D4-7DD5CF28645C}.Debug|x86.Build.0 = Debug|Any CPU
		{FA250F00-D44F-47F3-87D4-7DD5CF28645C}.Release|Any CPU.ActiveCfg = Release|Any CPU
		{FA250F00-D44F-47F3-87D4-7DD5CF28645C}.Release|Any CPU.Build.0 = Release|Any CPU
		{FA250F00-D44F-47F3-87D4-7DD5CF28645C}.Release|x64.ActiveCfg = Release|Any CPU
		{FA250F00-D44F-47F3-87D4-7DD5CF28645C}.Release|x64.Build.0 = Release|Any CPU
		{FA250F00-D44F-47F3-87D4-7DD5CF28645C}.Release|x86.ActiveCfg = Release|Any CPU
		{FA250F00-D44F-47F3-87D4-7DD5CF28645C}.Release|x86.Build.0 = Release|Any CPU
	EndGlobalSection
EndGlobal
